
Microsoft Visual Studio Solution File, Format Version 12.00
# Visual Studio Version 16
VisualStudioVersion = 16.0.31313.79
MinimumVisualStudioVersion = 10.0.40219.1
Project("{9A19103F-16F7-4668-BE54-9A1E7A4F7556}") = "Menu", "WinFormsApp1\Menu.csproj", "{6F7DC266-1500-4B31-AFD9-905F91C578C0}"
EndProject
Project("{9A19103F-16F7-4668-BE54-9A1E7A4F7556}") = "SistemaAcademiaInacabado", "SistemaAcademia\SistemaAcademiaInacabado.csproj", "{A031AF4C-8EC2-4121-9A2D-B98E4E97DE04}"
EndProject
Project("{9A19103F-16F7-4668-BE54-9A1E7A4F7556}") = "Academia", "\\Server\servidor$\bianca.nilsen\Documents\Entra21-NoturnoLucas-Forms-main\AcademiaGinastica\Academia.csproj", "{21483096-64A0-4D69-A164-752D3A1EB57C}"
EndProject
Global
	GlobalSection(SolutionConfigurationPlatforms) = preSolution
		Debug|Any CPU = Debug|Any CPU
		Release|Any CPU = Release|Any CPU
	EndGlobalSection
	GlobalSection(ProjectConfigurationPlatforms) = postSolution
		{6F7DC266-1500-4B31-AFD9-905F91C578C0}.Debug|Any CPU.ActiveCfg = Debug|Any CPU
		{6F7DC266-1500-4B31-AFD9-905F91C578C0}.Debug|Any CPU.Build.0 = Debug|Any CPU
		{6F7DC266-1500-4B31-AFD9-905F91C578C0}.Release|Any CPU.ActiveCfg = Release|Any CPU
		{6F7DC266-1500-4B31-AFD9-905F91C578C0}.Release|Any CPU.Build.0 = Release|Any CPU
		{A031AF4C-8EC2-4121-9A2D-B98E4E97DE04}.Debug|Any CPU.ActiveCfg = Debug|Any CPU
		{A031AF4C-8EC2-4121-9A2D-B98E4E97DE04}.Debug|Any CPU.Build.0 = Debug|Any CPU
		{A031AF4C-8EC2-4121-9A2D-B98E4E97DE04}.Release|Any CPU.ActiveCfg = Release|Any CPU
		{A031AF4C-8EC2-4121-9A2D-B98E4E97DE04}.Release|Any CPU.Build.0 = Release|Any CPU
		{21483096-64A0-4D69-A164-752D3A1EB57C}.Debug|Any CPU.ActiveCfg = Debug|Any CPU
		{21483096-64A0-4D69-A164-752D3A1EB57C}.Debug|Any CPU.Build.0 = Debug|Any CPU
		{21483096-64A0-4D69-A164-752D3A1EB57C}.Release|Any CPU.ActiveCfg = Release|Any CPU
		{21483096-64A0-4D69-A164-752D3A1EB57C}.Release|Any CPU.Build.0 = Release|Any CPU
	EndGlobalSection
	GlobalSection(SolutionProperties) = preSolution
		HideSolutionNode = FALSE
	EndGlobalSection
	GlobalSection(ExtensibilityGlobals) = postSolution
		SolutionGuid = {4BF0D6DE-D84F-4B4D-9EF0-6305746311B3}
	EndGlobalSection
EndGlobal
